
Microsoft Visual Studio Solution File, Format Version 12.00
# Visual Studio Version 16
VisualStudioVersion = 16.0.29911.84
MinimumVisualStudioVersion = 10.0.40219.1
Project("{FAE04EC0-301F-11D3-BF4B-00C04F79EFBC}") = "PostgreSqlDataAccess", "PostgreSqlDataAccess\PostgreSqlDataAccess.csproj", "{6CFF4472-9EB2-4551-9538-6D6457F482E5}"
EndProject
Project("{8BC9CEB8-8B4A-11D0-8D11-00A0C91BC942}") = "PostgreSqlCpp", "PostgreSqlCpp\PostgreSqlCpp.vcxproj", "{ED5C993E-1879-4A58-8EEB-F3D488E2CE49}"
EndProject
Project("{8BC9CEB8-8B4A-11D0-8D11-00A0C91BC942}") = "PostgreSqlCpp_v2", "PostgreSqlCpp_v2\PostgreSqlCpp_v2.vcxproj", "{98222100-5838-4E7F-BC99-2299E5FC4133}"
EndProject
Global
	GlobalSection(SolutionConfigurationPlatforms) = preSolution
		Debug|Any CPU = Debug|Any CPU
		Debug|x64 = Debug|x64
		Debug|x86 = Debug|x86
		Release|Any CPU = Release|Any CPU
		Release|x64 = Release|x64
		Release|x86 = Release|x86
	EndGlobalSection
	GlobalSection(ProjectConfigurationPlatforms) = postSolution
		{6CFF4472-9EB2-4551-9538-6D6457F482E5}.Debug|Any CPU.ActiveCfg = Debug|Any CPU
		{6CFF4472-9EB2-4551-9538-6D6457F482E5}.Debug|Any CPU.Build.0 = Debug|Any CPU
		{6CFF4472-9EB2-4551-9538-6D6457F482E5}.Debug|x64.ActiveCfg = Debug|Any CPU
		{6CFF4472-9EB2-4551-9538-6D6457F482E5}.Debug|x64.Build.0 = Debug|Any CPU
		{6CFF4472-9EB2-4551-9538-6D6457F482E5}.Debug|x86.ActiveCfg = Debug|Any CPU
		{6CFF4472-9EB2-4551-9538-6D6457F482E5}.Debug|x86.Build.0 = Debug|Any CPU
		{6CFF4472-9EB2-4551-9538-6D6457F482E5}.Release|Any CPU.ActiveCfg = Release|Any CPU
		{6CFF4472-9EB2-4551-9538-6D6457F482E5}.Release|Any CPU.Build.0 = Release|Any CPU
		{6CFF4472-9EB2-4551-9538-6D6457F482E5}.Release|x64.ActiveCfg = Release|Any CPU
		{6CFF4472-9EB2-4551-9538-6D6457F482E5}.Release|x64.Build.0 = Release|Any CPU
		{6CFF4472-9EB2-4551-9538-6D6457F482E5}.Release|x86.ActiveCfg = Release|Any CPU
		{6CFF4472-9EB2-4551-9538-6D6457F482E5}.Release|x86.Build.0 = Release|Any CPU
		{ED5C993E-1879-4A58-8EEB-F3D488E2CE49}.Debug|Any CPU.ActiveCfg = Debug|Win32
		{ED5C993E-1879-4A58-8EEB-F3D488E2CE49}.Debug|x64.ActiveCfg = Debug|x64
		{ED5C993E-1879-4A58-8EEB-F3D488E2CE49}.Debug|x64.Build.0 = Debug|x64
		{ED5C993E-1879-4A58-8EEB-F3D488E2CE49}.Debug|x86.ActiveCfg = Debug|Win32
		{ED5C993E-1879-4A58-8EEB-F3D488E2CE49}.Debug|x86.Build.0 = Debug|Win32
		{ED5C993E-1879-4A58-8EEB-F3D488E2CE49}.Release|Any CPU.ActiveCfg = Release|Win32
		{ED5C993E-1879-4A58-8EEB-F3D488E2CE49}.Release|x64.ActiveCfg = Release|x64
		{ED5C993E-1879-4A58-8EEB-F3D488E2CE49}.Release|x64.Build.0 = Release|x64
		{ED5C993E-1879-4A58-8EEB-F3D488E2CE49}.Release|x86.ActiveCfg = Release|Win32
		{ED5C993E-1879-4A58-8EEB-F3D488E2CE49}.Release|x86.Build.0 = Release|Win32
		{98222100-5838-4E7F-BC99-2299E5FC4133}.Debug|Any CPU.ActiveCfg = Debug|Win32
		{98222100-5838-4E7F-BC99-2299E5FC4133}.Debug|x64.ActiveCfg = Debug|x64
		{98222100-5838-4E7F-BC99-2299E5FC4133}.Debug|x64.Build.0 = Debug|x64
		{98222100-5838-4E7F-BC99-2299E5FC4133}.Debug|x86.ActiveCfg = Debug|Win32
		{98222100-5838-4E7F-BC99-2299E5FC4133}.Debug|x86.Build.0 = Debug|Win32
		{98222100-5838-4E7F-BC99-2299E5FC4133}.Release|Any CPU.ActiveCfg = Release|Win32
		{98222100-5838-4E7F-BC99-2299E5FC4133}.Release|x64.ActiveCfg = Release|x64
		{98222100-5838-4E7F-BC99-2299E5FC4133}.Release|x64.Build.0 = Release|x64
		{98222100-5838-4E7F-BC99-2299E5FC4133}.Release|x86.ActiveCfg = Release|Win32
		{98222100-5838-4E7F-BC99-2299E5FC4133}.Release|x86.Build.0 = Release|Win32
	EndGlobalSection
	GlobalSection(SolutionProperties) = preSolution
		HideSolutionNode = FALSE
	EndGlobalSection
	GlobalSection(ExtensibilityGlobals) = postSolution
		SolutionGuid = {5615841D-7B96-45C8-A127-ADA75C03454A}
	EndGlobalSection
EndGlobal
